<?xml version="1.0" encoding="UTF-8" standalone="yes" ?>
<CodeBlocks_project_file>
	<FileVersion major="1" minor="6" />
	<Project>
		<Option title="Proc" />
		<Option pch_mode="2" />
		<Option compiler="gcc" />
		<Build>
			<Target title="compiler">
				<Option output="Assembler" prefix_auto="1" extension_auto="1" />
				<Option type="1" />
				<Option compiler="gcc" />
				<Compiler>
					<Add option='-DLOG_FILE_NAME=&quot;\&quot;assembler.log&quot;\&quot;' />
				</Compiler>
			</Target>
			<Target title="processor">
				<Option output="Processor" prefix_auto="1" extension_auto="1" />
				<Option type="1" />
				<Option compiler="gcc" />
				<Compiler>
					<Add option='-DLOG_FILE_NAME=&quot;\&quot;processor.log&quot;\&quot;' />
				</Compiler>
			</Target>
			<Target title="prepare-code">
				<Option output="Proc" prefix_auto="1" extension_auto="1" />
				<Option type="1" />
				<Option compiler="gcc" />
			</Target>
		</Build>
		<Compiler>
			<Add option="-Wall" />
			<Add option="-fexceptions -I .\standard\" />
		</Compiler>
		<Unit filename="Console_utils.h">
			<Option target="compiler" />
			<Option target="processor" />
		</Unit>
		<Unit filename="Console_utils_win.cpp">
			<Option target="compiler" />
			<Option target="processor" />
		</Unit>
		<Unit filename="Stack.cpp">
			<Option target="compiler" />
			<Option target="processor" />
		</Unit>
		<Unit filename="Stack.h">
			<Option target="compiler" />
			<Option target="processor" />
		</Unit>
		<Unit filename="String.cpp" />
		<Unit filename="String.h" />
		<Unit filename="assembler.cpp">
			<Option target="compiler" />
		</Unit>
		<Unit filename="assembler.h">
			<Option target="compiler" />
		</Unit>
		<Unit filename="asserts.h">
			<Option target="compiler" />
			<Option target="processor" />
		</Unit>
		<Unit filename="compiler_main.cpp">
			<Option target="compiler" />
		</Unit>
		<Unit filename="debug_utils.cpp">
			<Option target="compiler" />
			<Option target="processor" />
		</Unit>
		<Unit filename="debug_utils.h">
			<Option target="compiler" />
			<Option target="processor" />
		</Unit>
		<Unit filename="file_read.cpp" />
		<Unit filename="file_read.h" />
		<Unit filename="instructions-parser.cpp">
			<Option target="prepare-code" />
		</Unit>
		<Unit filename="instructions_array.cpp">
			<Option target="compiler" />
			<Option target="processor" />
		</Unit>
		<Unit filename="instructions_lib.h">
			<Option target="compiler" />
			<Option target="processor" />
		</Unit>
		<Unit filename="logging.cpp">
			<Option target="compiler" />
			<Option target="processor" />
		</Unit>
		<Unit filename="logging.h">
			<Option target="compiler" />
			<Option target="processor" />
		</Unit>
		<Unit filename="main.cpp">
			<Option target="&lt;{~None~}&gt;" />
		</Unit>
		<Unit filename="parseArg.cpp">
			<Option target="compiler" />
			<Option target="processor" />
		</Unit>
		<Unit filename="parseArg.h">
			<Option target="compiler" />
			<Option target="processor" />
		</Unit>
		<Unit filename="proc_utils.cpp">
			<Option target="compiler" />
			<Option target="processor" />
		</Unit>
		<Unit filename="proc_utils.h">
			<Option target="compiler" />
			<Option target="processor" />
		</Unit>
		<Unit filename="processor.cpp">
			<Option target="processor" />
		</Unit>
		<Unit filename="processor.h">
			<Option target="processor" />
		</Unit>
		<Unit filename="processor_main.cpp">
			<Option target="processor" />
		</Unit>
		<Unit filename="time_utils.cpp">
			<Option target="compiler" />
			<Option target="processor" />
		</Unit>
		<Unit filename="time_utils.h">
			<Option target="compiler" />
			<Option target="processor" />
		</Unit>
		<Extensions>
			<lib_finder disable_auto="1" />
		</Extensions>
	</Project>
</CodeBlocks_project_file>
