<?xml version="1.0" encoding="UTF-8" standalone="yes" ?>
<CodeBlocks_project_file>
	<FileVersion major="1" minor="6" />
	<Project>
		<Option title="Proc" />
		<Option pch_mode="2" />
		<Option compiler="gcc" />
		<Build>
			<Target title="Debug">
				<Option output="bin/Debug/Proc" prefix_auto="1" extension_auto="1" />
				<Option object_output="obj/Debug/" />
				<Option type="1" />
				<Option compiler="gcc" />
				<Compiler>
					<Add option="-g" />
				</Compiler>
			</Target>
			<Target title="Release">
				<Option output="bin/Release/Proc" prefix_auto="1" extension_auto="1" />
				<Option object_output="obj/Release/" />
				<Option type="1" />
				<Option compiler="gcc" />
				<Compiler>
					<Add option="-O2" />
				</Compiler>
				<Linker>
					<Add option="-s" />
				</Linker>
			</Target>
			<Target title="compiler">
				<Option output="Proc" prefix_auto="1" extension_auto="1" />
				<Option type="0" />
				<Option compiler="gcc" />
			</Target>
			<Target title="processor">
				<Option output="Proc" prefix_auto="1" extension_auto="1" />
				<Option type="0" />
				<Option compiler="gcc" />
			</Target>
		</Build>
		<Compiler>
			<Add option="-Wall" />
			<Add option="-fexceptions -I .\standard\" />
		</Compiler>
		<Unit filename="Console_utils.h" />
		<Unit filename="Console_utils_win.cpp">
			<Option target="Debug" />
			<Option target="Release" />
		</Unit>
		<Unit filename="Stack.h" />
		<Unit filename="String.cpp">
			<Option target="Debug" />
			<Option target="Release" />
		</Unit>
		<Unit filename="String.h" />
		<Unit filename="asserts.h" />
		<Unit filename="compiler_main.cpp">
			<Option target="compiler" />
		</Unit>
		<Unit filename="debug_utils.cpp">
			<Option target="Debug" />
			<Option target="Release" />
		</Unit>
		<Unit filename="debug_utils.h" />
		<Unit filename="file_read.cpp">
			<Option target="Debug" />
			<Option target="Release" />
		</Unit>
		<Unit filename="file_read.h" />
		<Unit filename="instructions.cpp">
			<Option target="Debug" />
			<Option target="Release" />
		</Unit>
		<Unit filename="instructions.h">
			<Option target="Debug" />
			<Option target="Release" />
		</Unit>
		<Unit filename="logging.cpp">
			<Option target="Debug" />
			<Option target="Release" />
		</Unit>
		<Unit filename="logging.h" />
		<Unit filename="main.cpp">
			<Option target="Debug" />
			<Option target="Release" />
		</Unit>
		<Unit filename="parseArg.cpp">
			<Option target="Debug" />
			<Option target="Release" />
		</Unit>
		<Unit filename="parseArg.h" />
		<Unit filename="proc_obj.h" />
		<Unit filename="processor_main.cpp">
			<Option target="processor" />
		</Unit>
		<Unit filename="time_utils.cpp">
			<Option target="Debug" />
			<Option target="Release" />
		</Unit>
		<Unit filename="time_utils.h" />
		<Extensions>
			<lib_finder disable_auto="1" />
		</Extensions>
	</Project>
</CodeBlocks_project_file>
