<?xml version="1.0" encoding="UTF-8" standalone="yes" ?>
<CodeBlocks_project_file>
	<FileVersion major="1" minor="6" />
	<Project>
		<Option title="Proc" />
		<Option pch_mode="2" />
		<Option compiler="gcc" />
		<Build>
			<Target title="compiler">
				<Option output="run/Assembler" prefix_auto="1" extension_auto="1" />
				<Option working_dir="run" />
				<Option type="1" />
				<Option compiler="gcc" />
				<Compiler>
					<Add option='-DLOG_FILE_NAME=&quot;\&quot;assembler.log&quot;\&quot;' />
				</Compiler>
			</Target>
			<Target title="processor">
				<Option output="run/Processor" prefix_auto="1" extension_auto="1" />
				<Option working_dir="run" />
				<Option type="1" />
				<Option compiler="gcc" />
				<Compiler>
					<Add option='-DLOG_FILE_NAME=&quot;\&quot;processor.log&quot;\&quot;' />
				</Compiler>
				<Linker>
					<Add library="C:/Program_more/sigil-mingw-w64/lib/libsigil.dll.a" />
					<Add directory="C:/Program_more/sigil-mingw-w64/lib" />
				</Linker>
			</Target>
			<Target title="prepare-code">
				<Option output="instr/Prepare-code" prefix_auto="1" extension_auto="1" />
				<Option working_dir="instr" />
				<Option type="1" />
				<Option compiler="gcc" />
			</Target>
			<Target title="disassembler">
				<Option output="run/Disassembler" prefix_auto="1" extension_auto="1" />
				<Option working_dir="run" />
				<Option type="1" />
				<Option compiler="gcc" />
				<Compiler>
					<Add option='-DLOG_FILE_NAME=&quot;\&quot;disassembler.log&quot;\&quot;' />
				</Compiler>
			</Target>
		</Build>
		<Compiler>
			<Add option="-Wall" />
			<Add option="-fexceptions -I .\standard\" />
			<Add directory="../proc" />
			<Add directory="C:/Program_more/SFML-2.5.1/include" />
		</Compiler>
		<Linker>
			<Add library="C:/Program_more/SFML-2.5.1/lib/libsfml-graphics.a" />
			<Add library="C:/Program_more/SFML-2.5.1/lib/libsfml-window.a" />
			<Add library="C:/Program_more/SFML-2.5.1/lib/libsfml-system.a" />
			<Add directory="C:/Program_more/SFML-2.5.1/lib" />
		</Linker>
		<Unit filename="asm/arg_parser.cpp">
			<Option target="compiler" />
		</Unit>
		<Unit filename="asm/arg_parser.h">
			<Option target="compiler" />
		</Unit>
		<Unit filename="asm/assembler.cpp">
			<Option target="compiler" />
		</Unit>
		<Unit filename="asm/assembler.h">
			<Option target="compiler" />
		</Unit>
		<Unit filename="asm/compiler_main.cpp">
			<Option target="compiler" />
		</Unit>
		<Unit filename="asm/instructions_asm.cpp">
			<Option target="compiler" />
		</Unit>
		<Unit filename="asm/instructions_asm.h">
			<Option target="compiler" />
		</Unit>
		<Unit filename="cpu/instructions_cpu.cpp">
			<Option target="processor" />
		</Unit>
		<Unit filename="cpu/instructions_cpu.h">
			<Option target="processor" />
		</Unit>
		<Unit filename="cpu/proc_utils.cpp">
			<Option target="processor" />
		</Unit>
		<Unit filename="cpu/proc_utils.h">
			<Option target="processor" />
		</Unit>
		<Unit filename="cpu/processor.cpp">
			<Option target="processor" />
		</Unit>
		<Unit filename="cpu/processor.h">
			<Option target="processor" />
		</Unit>
		<Unit filename="cpu/processor_main.cpp">
			<Option target="processor" />
		</Unit>
		<Unit filename="disasm/disassembler.cpp">
			<Option target="disassembler" />
		</Unit>
		<Unit filename="disasm/instructions_disasm.cpp">
			<Option target="disassembler" />
		</Unit>
		<Unit filename="disasm/instructions_disasm.h">
			<Option target="disassembler" />
		</Unit>
		<Unit filename="instr/instructions-parser.cpp">
			<Option target="prepare-code" />
		</Unit>
		<Unit filename="instr/instructions.h">
			<Option target="processor" />
		</Unit>
		<Unit filename="instr/instructions_utils.cpp">
			<Option target="processor" />
			<Option target="compiler" />
			<Option target="disassembler" />
		</Unit>
		<Unit filename="instr/instructions_utils.h">
			<Option target="processor" />
			<Option target="compiler" />
			<Option target="disassembler" />
		</Unit>
		<Unit filename="lib/Console_utils.h">
			<Option target="compiler" />
			<Option target="processor" />
			<Option target="disassembler" />
		</Unit>
		<Unit filename="lib/Console_utils_win.cpp">
			<Option target="compiler" />
			<Option target="processor" />
			<Option target="disassembler" />
		</Unit>
		<Unit filename="lib/Stack.cpp">
			<Option target="processor" />
		</Unit>
		<Unit filename="lib/Stack.h">
			<Option target="processor" />
		</Unit>
		<Unit filename="lib/String.cpp" />
		<Unit filename="lib/String.h" />
		<Unit filename="lib/asserts.h" />
		<Unit filename="lib/debug_utils.cpp">
			<Option target="compiler" />
			<Option target="processor" />
		</Unit>
		<Unit filename="lib/debug_utils.h">
			<Option target="compiler" />
			<Option target="processor" />
		</Unit>
		<Unit filename="lib/file_read.cpp" />
		<Unit filename="lib/file_read.h" />
		<Unit filename="lib/logging.cpp">
			<Option target="compiler" />
			<Option target="processor" />
			<Option target="disassembler" />
		</Unit>
		<Unit filename="lib/logging.h">
			<Option target="compiler" />
			<Option target="processor" />
			<Option target="disassembler" />
		</Unit>
		<Unit filename="lib/parseArg.cpp" />
		<Unit filename="lib/parseArg.h" />
		<Unit filename="lib/time_utils.cpp">
			<Option target="compiler" />
			<Option target="processor" />
			<Option target="disassembler" />
		</Unit>
		<Unit filename="lib/time_utils.h">
			<Option target="compiler" />
			<Option target="processor" />
			<Option target="disassembler" />
		</Unit>
		<Extensions>
			<lib_finder disable_auto="1" />
		</Extensions>
	</Project>
</CodeBlocks_project_file>
